
Microsoft Visual Studio Solution File, Format Version 12.00
# Visual Studio 15
VisualStudioVersion = 15.0.27130.2026
MinimumVisualStudioVersion = 10.0.40219.1
Project("{FAE04EC0-301F-11D3-BF4B-00C04F79EFBC}") = "Ch_001_001_Hello.Android", "Ch_001_001_Hello\Ch_001_001_Hello.Android\Ch_001_001_Hello.Android.csproj", "{C157A1B3-F0A4-4F6F-8A1C-B9DC116F0680}"
EndProject
Project("{FAE04EC0-301F-11D3-BF4B-00C04F79EFBC}") = "Ch_001_001_Hello.iOS", "Ch_001_001_Hello\Ch_001_001_Hello.iOS\Ch_001_001_Hello.iOS.csproj", "{48B97F1C-D279-49E2-8894-9CAE112D0CC0}"
EndProject
Project("{FAE04EC0-301F-11D3-BF4B-00C04F79EFBC}") = "Ch_001_001_Hello.UWP", "Ch_001_001_Hello\Ch_001_001_Hello.UWP\Ch_001_001_Hello.UWP.csproj", "{768673C3-ED7D-49E6-B803-371080952236}"
EndProject
Project("{9A19103F-16F7-4668-BE54-9A1E7A4F7556}") = "Ch_001_001_Hello", "Ch_001_001_Hello\Ch_001_001_Hello\Ch_001_001_Hello.csproj", "{5C29BD22-0030-405D-A4B6-33FBEDC50F2F}"
EndProject
Project("{FAE04EC0-301F-11D3-BF4B-00C04F79EFBC}") = "Ch_001_002_Greetings.Android", "Ch_001_002_Greetings\Ch_001_002_Greetings.Android\Ch_001_002_Greetings.Android.csproj", "{04E26B4B-0614-42A2-8034-52E1696D6A76}"
EndProject
Project("{FAE04EC0-301F-11D3-BF4B-00C04F79EFBC}") = "Ch_001_002_Greetings.iOS", "Ch_001_002_Greetings\Ch_001_002_Greetings.iOS\Ch_001_002_Greetings.iOS.csproj", "{19AFCB33-1845-43E3-BD97-977C885741C4}"
EndProject
Project("{FAE04EC0-301F-11D3-BF4B-00C04F79EFBC}") = "Ch_001_002_Greetings.UWP", "Ch_001_002_Greetings\Ch_001_002_Greetings.UWP\Ch_001_002_Greetings.UWP.csproj", "{5488F144-B562-452A-8C01-AA1AE072A4E5}"
EndProject
Project("{FAE04EC0-301F-11D3-BF4B-00C04F79EFBC}") = "Ch_001_002_Greetings", "Ch_001_002_Greetings\Ch_001_002_Greetings\Ch_001_002_Greetings.csproj", "{B413A0B0-92F4-4D63-906F-1B4B8204C503}"
EndProject
Global
	GlobalSection(SolutionConfigurationPlatforms) = preSolution
		Ad-Hoc|Any CPU = Ad-Hoc|Any CPU
		Ad-Hoc|ARM = Ad-Hoc|ARM
		Ad-Hoc|iPhone = Ad-Hoc|iPhone
		Ad-Hoc|iPhoneSimulator = Ad-Hoc|iPhoneSimulator
		Ad-Hoc|x64 = Ad-Hoc|x64
		Ad-Hoc|x86 = Ad-Hoc|x86
		AppStore|Any CPU = AppStore|Any CPU
		AppStore|ARM = AppStore|ARM
		AppStore|iPhone = AppStore|iPhone
		AppStore|iPhoneSimulator = AppStore|iPhoneSimulator
		AppStore|x64 = AppStore|x64
		AppStore|x86 = AppStore|x86
		Debug|Any CPU = Debug|Any CPU
		Debug|ARM = Debug|ARM
		Debug|iPhone = Debug|iPhone
		Debug|iPhoneSimulator = Debug|iPhoneSimulator
		Debug|x64 = Debug|x64
		Debug|x86 = Debug|x86
		Release|Any CPU = Release|Any CPU
		Release|ARM = Release|ARM
		Release|iPhone = Release|iPhone
		Release|iPhoneSimulator = Release|iPhoneSimulator
		Release|x64 = Release|x64
		Release|x86 = Release|x86
	EndGlobalSection
	GlobalSection(ProjectConfigurationPlatforms) = postSolution
		{C157A1B3-F0A4-4F6F-8A1C-B9DC116F0680}.Ad-Hoc|Any CPU.ActiveCfg = Release|Any CPU
		{C157A1B3-F0A4-4F6F-8A1C-B9DC116F0680}.Ad-Hoc|Any CPU.Build.0 = Release|Any CPU
		{C157A1B3-F0A4-4F6F-8A1C-B9DC116F0680}.Ad-Hoc|Any CPU.Deploy.0 = Release|Any CPU
		{C157A1B3-F0A4-4F6F-8A1C-B9DC116F0680}.Ad-Hoc|ARM.ActiveCfg = Release|Any CPU
		{C157A1B3-F0A4-4F6F-8A1C-B9DC116F0680}.Ad-Hoc|ARM.Build.0 = Release|Any CPU
		{C157A1B3-F0A4-4F6F-8A1C-B9DC116F0680}.Ad-Hoc|ARM.Deploy.0 = Release|Any CPU
		{C157A1B3-F0A4-4F6F-8A1C-B9DC116F0680}.Ad-Hoc|iPhone.ActiveCfg = Release|Any CPU
		{C157A1B3-F0A4-4F6F-8A1C-B9DC116F0680}.Ad-Hoc|iPhone.Build.0 = Release|Any CPU
		{C157A1B3-F0A4-4F6F-8A1C-B9DC116F0680}.Ad-Hoc|iPhone.Deploy.0 = Release|Any CPU
		{C157A1B3-F0A4-4F6F-8A1C-B9DC116F0680}.Ad-Hoc|iPhoneSimulator.ActiveCfg = Release|Any CPU
		{C157A1B3-F0A4-4F6F-8A1C-B9DC116F0680}.Ad-Hoc|iPhoneSimulator.Build.0 = Release|Any CPU
		{C157A1B3-F0A4-4F6F-8A1C-B9DC116F0680}.Ad-Hoc|iPhoneSimulator.Deploy.0 = Release|Any CPU
		{C157A1B3-F0A4-4F6F-8A1C-B9DC116F0680}.Ad-Hoc|x64.ActiveCfg = Release|Any CPU
		{C157A1B3-F0A4-4F6F-8A1C-B9DC116F0680}.Ad-Hoc|x64.Build.0 = Release|Any CPU
		{C157A1B3-F0A4-4F6F-8A1C-B9DC116F0680}.Ad-Hoc|x64.Deploy.0 = Release|Any CPU
		{C157A1B3-F0A4-4F6F-8A1C-B9DC116F0680}.Ad-Hoc|x86.ActiveCfg = Release|Any CPU
		{C157A1B3-F0A4-4F6F-8A1C-B9DC116F0680}.Ad-Hoc|x86.Build.0 = Release|Any CPU
		{C157A1B3-F0A4-4F6F-8A1C-B9DC116F0680}.Ad-Hoc|x86.Deploy.0 = Release|Any CPU
		{C157A1B3-F0A4-4F6F-8A1C-B9DC116F0680}.AppStore|Any CPU.ActiveCfg = Release|Any CPU
		{C157A1B3-F0A4-4F6F-8A1C-B9DC116F0680}.AppStore|Any CPU.Build.0 = Release|Any CPU
		{C157A1B3-F0A4-4F6F-8A1C-B9DC116F0680}.AppStore|Any CPU.Deploy.0 = Release|Any CPU
		{C157A1B3-F0A4-4F6F-8A1C-B9DC116F0680}.AppStore|ARM.ActiveCfg = Release|Any CPU
		{C157A1B3-F0A4-4F6F-8A1C-B9DC116F0680}.AppStore|ARM.Build.0 = Release|Any CPU
		{C157A1B3-F0A4-4F6F-8A1C-B9DC116F0680}.AppStore|ARM.Deploy.0 = Release|Any CPU
		{C157A1B3-F0A4-4F6F-8A1C-B9DC116F0680}.AppStore|iPhone.ActiveCfg = Release|Any CPU
		{C157A1B3-F0A4-4F6F-8A1C-B9DC116F0680}.AppStore|iPhone.Build.0 = Release|Any CPU
		{C157A1B3-F0A4-4F6F-8A1C-B9DC116F0680}.AppStore|iPhone.Deploy.0 = Release|Any CPU
		{C157A1B3-F0A4-4F6F-8A1C-B9DC116F0680}.AppStore|iPhoneSimulator.ActiveCfg = Release|Any CPU
		{C157A1B3-F0A4-4F6F-8A1C-B9DC116F0680}.AppStore|iPhoneSimulator.Build.0 = Release|Any CPU
		{C157A1B3-F0A4-4F6F-8A1C-B9DC116F0680}.AppStore|iPhoneSimulator.Deploy.0 = Release|Any CPU
		{C157A1B3-F0A4-4F6F-8A1C-B9DC116F0680}.AppStore|x64.ActiveCfg = Release|Any CPU
		{C157A1B3-F0A4-4F6F-8A1C-B9DC116F0680}.AppStore|x64.Build.0 = Release|Any CPU
		{C157A1B3-F0A4-4F6F-8A1C-B9DC116F0680}.AppStore|x64.Deploy.0 = Release|Any CPU
		{C157A1B3-F0A4-4F6F-8A1C-B9DC116F0680}.AppStore|x86.ActiveCfg = Release|Any CPU
		{C157A1B3-F0A4-4F6F-8A1C-B9DC116F0680}.AppStore|x86.Build.0 = Release|Any CPU
		{C157A1B3-F0A4-4F6F-8A1C-B9DC116F0680}.AppStore|x86.Deploy.0 = Release|Any CPU
		{C157A1B3-F0A4-4F6F-8A1C-B9DC116F0680}.Debug|Any CPU.ActiveCfg = Debug|Any CPU
		{C157A1B3-F0A4-4F6F-8A1C-B9DC116F0680}.Debug|Any CPU.Build.0 = Debug|Any CPU
		{C157A1B3-F0A4-4F6F-8A1C-B9DC116F0680}.Debug|Any CPU.Deploy.0 = Debug|Any CPU
		{C157A1B3-F0A4-4F6F-8A1C-B9DC116F0680}.Debug|ARM.ActiveCfg = Debug|Any CPU
		{C157A1B3-F0A4-4F6F-8A1C-B9DC116F0680}.Debug|ARM.Build.0 = Debug|Any CPU
		{C157A1B3-F0A4-4F6F-8A1C-B9DC116F0680}.Debug|ARM.Deploy.0 = Debug|Any CPU
		{C157A1B3-F0A4-4F6F-8A1C-B9DC116F0680}.Debug|iPhone.ActiveCfg = Debug|Any CPU
		{C157A1B3-F0A4-4F6F-8A1C-B9DC116F0680}.Debug|iPhone.Build.0 = Debug|Any CPU
		{C157A1B3-F0A4-4F6F-8A1C-B9DC116F0680}.Debug|iPhone.Deploy.0 = Debug|Any CPU
		{C157A1B3-F0A4-4F6F-8A1C-B9DC116F0680}.Debug|iPhoneSimulator.ActiveCfg = Debug|Any CPU
		{C157A1B3-F0A4-4F6F-8A1C-B9DC116F0680}.Debug|iPhoneSimulator.Build.0 = Debug|Any CPU
		{C157A1B3-F0A4-4F6F-8A1C-B9DC116F0680}.Debug|iPhoneSimulator.Deploy.0 = Debug|Any CPU
		{C157A1B3-F0A4-4F6F-8A1C-B9DC116F0680}.Debug|x64.ActiveCfg = Debug|Any CPU
		{C157A1B3-F0A4-4F6F-8A1C-B9DC116F0680}.Debug|x64.Build.0 = Debug|Any CPU
		{C157A1B3-F0A4-4F6F-8A1C-B9DC116F0680}.Debug|x64.Deploy.0 = Debug|Any CPU
		{C157A1B3-F0A4-4F6F-8A1C-B9DC116F0680}.Debug|x86.ActiveCfg = Debug|Any CPU
		{C157A1B3-F0A4-4F6F-8A1C-B9DC116F0680}.Debug|x86.Build.0 = Debug|Any CPU
		{C157A1B3-F0A4-4F6F-8A1C-B9DC116F0680}.Debug|x86.Deploy.0 = Debug|Any CPU
		{C157A1B3-F0A4-4F6F-8A1C-B9DC116F0680}.Release|Any CPU.ActiveCfg = Release|Any CPU
		{C157A1B3-F0A4-4F6F-8A1C-B9DC116F0680}.Release|Any CPU.Build.0 = Release|Any CPU
		{C157A1B3-F0A4-4F6F-8A1C-B9DC116F0680}.Release|Any CPU.Deploy.0 = Release|Any CPU
		{C157A1B3-F0A4-4F6F-8A1C-B9DC116F0680}.Release|ARM.ActiveCfg = Release|Any CPU
		{C157A1B3-F0A4-4F6F-8A1C-B9DC116F0680}.Release|ARM.Build.0 = Release|Any CPU
		{C157A1B3-F0A4-4F6F-8A1C-B9DC116F0680}.Release|ARM.Deploy.0 = Release|Any CPU
		{C157A1B3-F0A4-4F6F-8A1C-B9DC116F0680}.Release|iPhone.ActiveCfg = Release|Any CPU
		{C157A1B3-F0A4-4F6F-8A1C-B9DC116F0680}.Release|iPhone.Build.0 = Release|Any CPU
		{C157A1B3-F0A4-4F6F-8A1C-B9DC116F0680}.Release|iPhone.Deploy.0 = Release|Any CPU
		{C157A1B3-F0A4-4F6F-8A1C-B9DC116F0680}.Release|iPhoneSimulator.ActiveCfg = Release|Any CPU
		{C157A1B3-F0A4-4F6F-8A1C-B9DC116F0680}.Release|iPhoneSimulator.Build.0 = Release|Any CPU
		{C157A1B3-F0A4-4F6F-8A1C-B9DC116F0680}.Release|iPhoneSimulator.Deploy.0 = Release|Any CPU
		{C157A1B3-F0A4-4F6F-8A1C-B9DC116F0680}.Release|x64.ActiveCfg = Release|Any CPU
		{C157A1B3-F0A4-4F6F-8A1C-B9DC116F0680}.Release|x64.Build.0 = Release|Any CPU
		{C157A1B3-F0A4-4F6F-8A1C-B9DC116F0680}.Release|x64.Deploy.0 = Release|Any CPU
		{C157A1B3-F0A4-4F6F-8A1C-B9DC116F0680}.Release|x86.ActiveCfg = Release|Any CPU
		{C157A1B3-F0A4-4F6F-8A1C-B9DC116F0680}.Release|x86.Build.0 = Release|Any CPU
		{C157A1B3-F0A4-4F6F-8A1C-B9DC116F0680}.Release|x86.Deploy.0 = Release|Any CPU
		{48B97F1C-D279-49E2-8894-9CAE112D0CC0}.Ad-Hoc|Any CPU.ActiveCfg = Ad-Hoc|iPhone
		{48B97F1C-D279-49E2-8894-9CAE112D0CC0}.Ad-Hoc|ARM.ActiveCfg = Ad-Hoc|iPhone
		{48B97F1C-D279-49E2-8894-9CAE112D0CC0}.Ad-Hoc|iPhone.ActiveCfg = Ad-Hoc|iPhone
		{48B97F1C-D279-49E2-8894-9CAE112D0CC0}.Ad-Hoc|iPhone.Build.0 = Ad-Hoc|iPhone
		{48B97F1C-D279-49E2-8894-9CAE112D0CC0}.Ad-Hoc|iPhoneSimulator.ActiveCfg = Ad-Hoc|iPhoneSimulator
		{48B97F1C-D279-49E2-8894-9CAE112D0CC0}.Ad-Hoc|iPhoneSimulator.Build.0 = Ad-Hoc|iPhoneSimulator
		{48B97F1C-D279-49E2-8894-9CAE112D0CC0}.Ad-Hoc|x64.ActiveCfg = Ad-Hoc|iPhone
		{48B97F1C-D279-49E2-8894-9CAE112D0CC0}.Ad-Hoc|x86.ActiveCfg = Ad-Hoc|iPhone
		{48B97F1C-D279-49E2-8894-9CAE112D0CC0}.AppStore|Any CPU.ActiveCfg = AppStore|iPhone
		{48B97F1C-D279-49E2-8894-9CAE112D0CC0}.AppStore|ARM.ActiveCfg = AppStore|iPhone
		{48B97F1C-D279-49E2-8894-9CAE112D0CC0}.AppStore|iPhone.ActiveCfg = AppStore|iPhone
		{48B97F1C-D279-49E2-8894-9CAE112D0CC0}.AppStore|iPhone.Build.0 = AppStore|iPhone
		{48B97F1C-D279-49E2-8894-9CAE112D0CC0}.AppStore|iPhoneSimulator.ActiveCfg = AppStore|iPhoneSimulator
		{48B97F1C-D279-49E2-8894-9CAE112D0CC0}.AppStore|iPhoneSimulator.Build.0 = AppStore|iPhoneSimulator
		{48B97F1C-D279-49E2-8894-9CAE112D0CC0}.AppStore|x64.ActiveCfg = AppStore|iPhone
		{48B97F1C-D279-49E2-8894-9CAE112D0CC0}.AppStore|x86.ActiveCfg = AppStore|iPhone
		{48B97F1C-D279-49E2-8894-9CAE112D0CC0}.Debug|Any CPU.ActiveCfg = Debug|iPhone
		{48B97F1C-D279-49E2-8894-9CAE112D0CC0}.Debug|ARM.ActiveCfg = Debug|iPhone
		{48B97F1C-D279-49E2-8894-9CAE112D0CC0}.Debug|iPhone.ActiveCfg = Debug|iPhone
		{48B97F1C-D279-49E2-8894-9CAE112D0CC0}.Debug|iPhone.Build.0 = Debug|iPhone
		{48B97F1C-D279-49E2-8894-9CAE112D0CC0}.Debug|iPhoneSimulator.ActiveCfg = Debug|iPhoneSimulator
		{48B97F1C-D279-49E2-8894-9CAE112D0CC0}.Debug|iPhoneSimulator.Build.0 = Debug|iPhoneSimulator
		{48B97F1C-D279-49E2-8894-9CAE112D0CC0}.Debug|x64.ActiveCfg = Debug|iPhone
		{48B97F1C-D279-49E2-8894-9CAE112D0CC0}.Debug|x86.ActiveCfg = Debug|iPhone
		{48B97F1C-D279-49E2-8894-9CAE112D0CC0}.Release|Any CPU.ActiveCfg = Release|iPhone
		{48B97F1C-D279-49E2-8894-9CAE112D0CC0}.Release|ARM.ActiveCfg = Release|iPhone
		{48B97F1C-D279-49E2-8894-9CAE112D0CC0}.Release|iPhone.ActiveCfg = Release|iPhone
		{48B97F1C-D279-49E2-8894-9CAE112D0CC0}.Release|iPhone.Build.0 = Release|iPhone
		{48B97F1C-D279-49E2-8894-9CAE112D0CC0}.Release|iPhoneSimulator.ActiveCfg = Release|iPhoneSimulator
		{48B97F1C-D279-49E2-8894-9CAE112D0CC0}.Release|iPhoneSimulator.Build.0 = Release|iPhoneSimulator
		{48B97F1C-D279-49E2-8894-9CAE112D0CC0}.Release|x64.ActiveCfg = Release|iPhone
		{48B97F1C-D279-49E2-8894-9CAE112D0CC0}.Release|x86.ActiveCfg = Release|iPhone
		{768673C3-ED7D-49E6-B803-371080952236}.Ad-Hoc|Any CPU.ActiveCfg = Release|x86
		{768673C3-ED7D-49E6-B803-371080952236}.Ad-Hoc|Any CPU.Build.0 = Release|x86
		{768673C3-ED7D-49E6-B803-371080952236}.Ad-Hoc|Any CPU.Deploy.0 = Release|x86
		{768673C3-ED7D-49E6-B803-371080952236}.Ad-Hoc|ARM.ActiveCfg = Release|ARM
		{768673C3-ED7D-49E6-B803-371080952236}.Ad-Hoc|ARM.Build.0 = Release|ARM
		{768673C3-ED7D-49E6-B803-371080952236}.Ad-Hoc|ARM.Deploy.0 = Release|ARM
		{768673C3-ED7D-49E6-B803-371080952236}.Ad-Hoc|iPhone.ActiveCfg = Release|x86
		{768673C3-ED7D-49E6-B803-371080952236}.Ad-Hoc|iPhone.Build.0 = Release|x86
		{768673C3-ED7D-49E6-B803-371080952236}.Ad-Hoc|iPhone.Deploy.0 = Release|x86
		{768673C3-ED7D-49E6-B803-371080952236}.Ad-Hoc|iPhoneSimulator.ActiveCfg = Release|x86
		{768673C3-ED7D-49E6-B803-371080952236}.Ad-Hoc|iPhoneSimulator.Build.0 = Release|x86
		{768673C3-ED7D-49E6-B803-371080952236}.Ad-Hoc|iPhoneSimulator.Deploy.0 = Release|x86
		{768673C3-ED7D-49E6-B803-371080952236}.Ad-Hoc|x64.ActiveCfg = Release|x64
		{768673C3-ED7D-49E6-B803-371080952236}.Ad-Hoc|x64.Build.0 = Release|x64
		{768673C3-ED7D-49E6-B803-371080952236}.Ad-Hoc|x64.Deploy.0 = Release|x64
		{768673C3-ED7D-49E6-B803-371080952236}.Ad-Hoc|x86.ActiveCfg = Release|x86
		{768673C3-ED7D-49E6-B803-371080952236}.Ad-Hoc|x86.Build.0 = Release|x86
		{768673C3-ED7D-49E6-B803-371080952236}.Ad-Hoc|x86.Deploy.0 = Release|x86
		{768673C3-ED7D-49E6-B803-371080952236}.AppStore|Any CPU.ActiveCfg = Release|x86
		{768673C3-ED7D-49E6-B803-371080952236}.AppStore|Any CPU.Build.0 = Release|x86
		{768673C3-ED7D-49E6-B803-371080952236}.AppStore|Any CPU.Deploy.0 = Release|x86
		{768673C3-ED7D-49E6-B803-371080952236}.AppStore|ARM.ActiveCfg = Release|ARM
		{768673C3-ED7D-49E6-B803-371080952236}.AppStore|ARM.Build.0 = Release|ARM
		{768673C3-ED7D-49E6-B803-371080952236}.AppStore|ARM.Deploy.0 = Release|ARM
		{768673C3-ED7D-49E6-B803-371080952236}.AppStore|iPhone.ActiveCfg = Release|x86
		{768673C3-ED7D-49E6-B803-371080952236}.AppStore|iPhone.Build.0 = Release|x86
		{768673C3-ED7D-49E6-B803-371080952236}.AppStore|iPhone.Deploy.0 = Release|x86
		{768673C3-ED7D-49E6-B803-371080952236}.AppStore|iPhoneSimulator.ActiveCfg = Release|x86
		{768673C3-ED7D-49E6-B803-371080952236}.AppStore|iPhoneSimulator.Build.0 = Release|x86
		{768673C3-ED7D-49E6-B803-371080952236}.AppStore|iPhoneSimulator.Deploy.0 = Release|x86
		{768673C3-ED7D-49E6-B803-371080952236}.AppStore|x64.ActiveCfg = Release|x64
		{768673C3-ED7D-49E6-B803-371080952236}.AppStore|x64.Build.0 = Release|x64
		{768673C3-ED7D-49E6-B803-371080952236}.AppStore|x64.Deploy.0 = Release|x64
		{768673C3-ED7D-49E6-B803-371080952236}.AppStore|x86.ActiveCfg = Release|x86
		{768673C3-ED7D-49E6-B803-371080952236}.AppStore|x86.Build.0 = Release|x86
		{768673C3-ED7D-49E6-B803-371080952236}.AppStore|x86.Deploy.0 = Release|x86
		{768673C3-ED7D-49E6-B803-371080952236}.Debug|Any CPU.ActiveCfg = Debug|x86
		{768673C3-ED7D-49E6-B803-371080952236}.Debug|ARM.ActiveCfg = Debug|ARM
		{768673C3-ED7D-49E6-B803-371080952236}.Debug|ARM.Build.0 = Debug|ARM
		{768673C3-ED7D-49E6-B803-371080952236}.Debug|ARM.Deploy.0 = Debug|ARM
		{768673C3-ED7D-49E6-B803-371080952236}.Debug|iPhone.ActiveCfg = Debug|x86
		{768673C3-ED7D-49E6-B803-371080952236}.Debug|iPhoneSimulator.ActiveCfg = Debug|x86
		{768673C3-ED7D-49E6-B803-371080952236}.Debug|x64.ActiveCfg = Debug|x64
		{768673C3-ED7D-49E6-B803-371080952236}.Debug|x64.Build.0 = Debug|x64
		{768673C3-ED7D-49E6-B803-371080952236}.Debug|x64.Deploy.0 = Debug|x64
		{768673C3-ED7D-49E6-B803-371080952236}.Debug|x86.ActiveCfg = Debug|x86
		{768673C3-ED7D-49E6-B803-371080952236}.Debug|x86.Build.0 = Debug|x86
		{768673C3-ED7D-49E6-B803-371080952236}.Debug|x86.Deploy.0 = Debug|x86
		{768673C3-ED7D-49E6-B803-371080952236}.Release|Any CPU.ActiveCfg = Release|x86
		{768673C3-ED7D-49E6-B803-371080952236}.Release|ARM.ActiveCfg = Release|ARM
		{768673C3-ED7D-49E6-B803-371080952236}.Release|ARM.Build.0 = Release|ARM
		{768673C3-ED7D-49E6-B803-371080952236}.Release|ARM.Deploy.0 = Release|ARM
		{768673C3-ED7D-49E6-B803-371080952236}.Release|iPhone.ActiveCfg = Release|x86
		{768673C3-ED7D-49E6-B803-371080952236}.Release|iPhoneSimulator.ActiveCfg = Release|x86
		{768673C3-ED7D-49E6-B803-371080952236}.Release|x64.ActiveCfg = Release|x64
		{768673C3-ED7D-49E6-B803-371080952236}.Release|x64.Build.0 = Release|x64
		{768673C3-ED7D-49E6-B803-371080952236}.Release|x64.Deploy.0 = Release|x64
		{768673C3-ED7D-49E6-B803-371080952236}.Release|x86.ActiveCfg = Release|x86
		{768673C3-ED7D-49E6-B803-371080952236}.Release|x86.Build.0 = Release|x86
		{768673C3-ED7D-49E6-B803-371080952236}.Release|x86.Deploy.0 = Release|x86
		{5C29BD22-0030-405D-A4B6-33FBEDC50F2F}.Ad-Hoc|Any CPU.ActiveCfg = Debug|Any CPU
		{5C29BD22-0030-405D-A4B6-33FBEDC50F2F}.Ad-Hoc|Any CPU.Build.0 = Debug|Any CPU
		{5C29BD22-0030-405D-A4B6-33FBEDC50F2F}.Ad-Hoc|ARM.ActiveCfg = Debug|Any CPU
		{5C29BD22-0030-405D-A4B6-33FBEDC50F2F}.Ad-Hoc|ARM.Build.0 = Debug|Any CPU
		{5C29BD22-0030-405D-A4B6-33FBEDC50F2F}.Ad-Hoc|iPhone.ActiveCfg = Debug|Any CPU
		{5C29BD22-0030-405D-A4B6-33FBEDC50F2F}.Ad-Hoc|iPhone.Build.0 = Debug|Any CPU
		{5C29BD22-0030-405D-A4B6-33FBEDC50F2F}.Ad-Hoc|iPhoneSimulator.ActiveCfg = Debug|Any CPU
		{5C29BD22-0030-405D-A4B6-33FBEDC50F2F}.Ad-Hoc|iPhoneSimulator.Build.0 = Debug|Any CPU
		{5C29BD22-0030-405D-A4B6-33FBEDC50F2F}.Ad-Hoc|x64.ActiveCfg = Debug|Any CPU
		{5C29BD22-0030-405D-A4B6-33FBEDC50F2F}.Ad-Hoc|x64.Build.0 = Debug|Any CPU
		{5C29BD22-0030-405D-A4B6-33FBEDC50F2F}.Ad-Hoc|x86.ActiveCfg = Debug|Any CPU
		{5C29BD22-0030-405D-A4B6-33FBEDC50F2F}.Ad-Hoc|x86.Build.0 = Debug|Any CPU
		{5C29BD22-0030-405D-A4B6-33FBEDC50F2F}.AppStore|Any CPU.ActiveCfg = Debug|Any CPU
		{5C29BD22-0030-405D-A4B6-33FBEDC50F2F}.AppStore|Any CPU.Build.0 = Debug|Any CPU
		{5C29BD22-0030-405D-A4B6-33FBEDC50F2F}.AppStore|ARM.ActiveCfg = Debug|Any CPU
		{5C29BD22-0030-405D-A4B6-33FBEDC50F2F}.AppStore|ARM.Build.0 = Debug|Any CPU
		{5C29BD22-0030-405D-A4B6-33FBEDC50F2F}.AppStore|iPhone.ActiveCfg = Debug|Any CPU
		{5C29BD22-0030-405D-A4B6-33FBEDC50F2F}.AppStore|iPhone.Build.0 = Debug|Any CPU
		{5C29BD22-0030-405D-A4B6-33FBEDC50F2F}.AppStore|iPhoneSimulator.ActiveCfg = Debug|Any CPU
		{5C29BD22-0030-405D-A4B6-33FBEDC50F2F}.AppStore|iPhoneSimulator.Build.0 = Debug|Any CPU
		{5C29BD22-0030-405D-A4B6-33FBEDC50F2F}.AppStore|x64.ActiveCfg = Debug|Any CPU
		{5C29BD22-0030-405D-A4B6-33FBEDC50F2F}.AppStore|x64.Build.0 = Debug|Any CPU
		{5C29BD22-0030-405D-A4B6-33FBEDC50F2F}.AppStore|x86.ActiveCfg = Debug|Any CPU
		{5C29BD22-0030-405D-A4B6-33FBEDC50F2F}.AppStore|x86.Build.0 = Debug|Any CPU
		{5C29BD22-0030-405D-A4B6-33FBEDC50F2F}.Debug|Any CPU.ActiveCfg = Debug|Any CPU
		{5C29BD22-0030-405D-A4B6-33FBEDC50F2F}.Debug|Any CPU.Build.0 = Debug|Any CPU
		{5C29BD22-0030-405D-A4B6-33FBEDC50F2F}.Debug|ARM.ActiveCfg = Debug|Any CPU
		{5C29BD22-0030-405D-A4B6-33FBEDC50F2F}.Debug|ARM.Build.0 = Debug|Any CPU
		{5C29BD22-0030-405D-A4B6-33FBEDC50F2F}.Debug|iPhone.ActiveCfg = Debug|Any CPU
		{5C29BD22-0030-405D-A4B6-33FBEDC50F2F}.Debug|iPhone.Build.0 = Debug|Any CPU
		{5C29BD22-0030-405D-A4B6-33FBEDC50F2F}.Debug|iPhoneSimulator.ActiveCfg = Debug|Any CPU
		{5C29BD22-0030-405D-A4B6-33FBEDC50F2F}.Debug|iPhoneSimulator.Build.0 = Debug|Any CPU
		{5C29BD22-0030-405D-A4B6-33FBEDC50F2F}.Debug|x64.ActiveCfg = Debug|Any CPU
		{5C29BD22-0030-405D-A4B6-33FBEDC50F2F}.Debug|x64.Build.0 = Debug|Any CPU
		{5C29BD22-0030-405D-A4B6-33FBEDC50F2F}.Debug|x86.ActiveCfg = Debug|Any CPU
		{5C29BD22-0030-405D-A4B6-33FBEDC50F2F}.Debug|x86.Build.0 = Debug|Any CPU
		{5C29BD22-0030-405D-A4B6-33FBEDC50F2F}.Release|Any CPU.ActiveCfg = Release|Any CPU
		{5C29BD22-0030-405D-A4B6-33FBEDC50F2F}.Release|Any CPU.Build.0 = Release|Any CPU
		{5C29BD22-0030-405D-A4B6-33FBEDC50F2F}.Release|ARM.ActiveCfg = Release|Any CPU
		{5C29BD22-0030-405D-A4B6-33FBEDC50F2F}.Release|ARM.Build.0 = Release|Any CPU
		{5C29BD22-0030-405D-A4B6-33FBEDC50F2F}.Release|iPhone.ActiveCfg = Release|Any CPU
		{5C29BD22-0030-405D-A4B6-33FBEDC50F2F}.Release|iPhone.Build.0 = Release|Any CPU
		{5C29BD22-0030-405D-A4B6-33FBEDC50F2F}.Release|iPhoneSimulator.ActiveCfg = Release|Any CPU
		{5C29BD22-0030-405D-A4B6-33FBEDC50F2F}.Release|iPhoneSimulator.Build.0 = Release|Any CPU
		{5C29BD22-0030-405D-A4B6-33FBEDC50F2F}.Release|x64.ActiveCfg = Release|Any CPU
		{5C29BD22-0030-405D-A4B6-33FBEDC50F2F}.Release|x64.Build.0 = Release|Any CPU
		{5C29BD22-0030-405D-A4B6-33FBEDC50F2F}.Release|x86.ActiveCfg = Release|Any CPU
		{5C29BD22-0030-405D-A4B6-33FBEDC50F2F}.Release|x86.Build.0 = Release|Any CPU
		{04E26B4B-0614-42A2-8034-52E1696D6A76}.Ad-Hoc|Any CPU.ActiveCfg = Release|Any CPU
		{04E26B4B-0614-42A2-8034-52E1696D6A76}.Ad-Hoc|Any CPU.Build.0 = Release|Any CPU
		{04E26B4B-0614-42A2-8034-52E1696D6A76}.Ad-Hoc|Any CPU.Deploy.0 = Release|Any CPU
		{04E26B4B-0614-42A2-8034-52E1696D6A76}.Ad-Hoc|ARM.ActiveCfg = Release|Any CPU
		{04E26B4B-0614-42A2-8034-52E1696D6A76}.Ad-Hoc|ARM.Build.0 = Release|Any CPU
		{04E26B4B-0614-42A2-8034-52E1696D6A76}.Ad-Hoc|ARM.Deploy.0 = Release|Any CPU
		{04E26B4B-0614-42A2-8034-52E1696D6A76}.Ad-Hoc|iPhone.ActiveCfg = Release|Any CPU
		{04E26B4B-0614-42A2-8034-52E1696D6A76}.Ad-Hoc|iPhone.Build.0 = Release|Any CPU
		{04E26B4B-0614-42A2-8034-52E1696D6A76}.Ad-Hoc|iPhone.Deploy.0 = Release|Any CPU
		{04E26B4B-0614-42A2-8034-52E1696D6A76}.Ad-Hoc|iPhoneSimulator.ActiveCfg = Release|Any CPU
		{04E26B4B-0614-42A2-8034-52E1696D6A76}.Ad-Hoc|iPhoneSimulator.Build.0 = Release|Any CPU
		{04E26B4B-0614-42A2-8034-52E1696D6A76}.Ad-Hoc|iPhoneSimulator.Deploy.0 = Release|Any CPU
		{04E26B4B-0614-42A2-8034-52E1696D6A76}.Ad-Hoc|x64.ActiveCfg = Release|Any CPU
		{04E26B4B-0614-42A2-8034-52E1696D6A76}.Ad-Hoc|x64.Build.0 = Release|Any CPU
		{04E26B4B-0614-42A2-8034-52E1696D6A76}.Ad-Hoc|x64.Deploy.0 = Release|Any CPU
		{04E26B4B-0614-42A2-8034-52E1696D6A76}.Ad-Hoc|x86.ActiveCfg = Release|Any CPU
		{04E26B4B-0614-42A2-8034-52E1696D6A76}.Ad-Hoc|x86.Build.0 = Release|Any CPU
		{04E26B4B-0614-42A2-8034-52E1696D6A76}.Ad-Hoc|x86.Deploy.0 = Release|Any CPU
		{04E26B4B-0614-42A2-8034-52E1696D6A76}.AppStore|Any CPU.ActiveCfg = Release|Any CPU
		{04E26B4B-0614-42A2-8034-52E1696D6A76}.AppStore|Any CPU.Build.0 = Release|Any CPU
		{04E26B4B-0614-42A2-8034-52E1696D6A76}.AppStore|Any CPU.Deploy.0 = Release|Any CPU
		{04E26B4B-0614-42A2-8034-52E1696D6A76}.AppStore|ARM.ActiveCfg = Release|Any CPU
		{04E26B4B-0614-42A2-8034-52E1696D6A76}.AppStore|ARM.Build.0 = Release|Any CPU
		{04E26B4B-0614-42A2-8034-52E1696D6A76}.AppStore|ARM.Deploy.0 = Release|Any CPU
		{04E26B4B-0614-42A2-8034-52E1696D6A76}.AppStore|iPhone.ActiveCfg = Release|Any CPU
		{04E26B4B-0614-42A2-8034-52E1696D6A76}.AppStore|iPhone.Build.0 = Release|Any CPU
		{04E26B4B-0614-42A2-8034-52E1696D6A76}.AppStore|iPhone.Deploy.0 = Release|Any CPU
		{04E26B4B-0614-42A2-8034-52E1696D6A76}.AppStore|iPhoneSimulator.ActiveCfg = Release|Any CPU
		{04E26B4B-0614-42A2-8034-52E1696D6A76}.AppStore|iPhoneSimulator.Build.0 = Release|Any CPU
		{04E26B4B-0614-42A2-8034-52E1696D6A76}.AppStore|iPhoneSimulator.Deploy.0 = Release|Any CPU
		{04E26B4B-0614-42A2-8034-52E1696D6A76}.AppStore|x64.ActiveCfg = Release|Any CPU
		{04E26B4B-0614-42A2-8034-52E1696D6A76}.AppStore|x64.Build.0 = Release|Any CPU
		{04E26B4B-0614-42A2-8034-52E1696D6A76}.AppStore|x64.Deploy.0 = Release|Any CPU
		{04E26B4B-0614-42A2-8034-52E1696D6A76}.AppStore|x86.ActiveCfg = Release|Any CPU
		{04E26B4B-0614-42A2-8034-52E1696D6A76}.AppStore|x86.Build.0 = Release|Any CPU
		{04E26B4B-0614-42A2-8034-52E1696D6A76}.AppStore|x86.Deploy.0 = Release|Any CPU
		{04E26B4B-0614-42A2-8034-52E1696D6A76}.Debug|Any CPU.ActiveCfg = Debug|Any CPU
		{04E26B4B-0614-42A2-8034-52E1696D6A76}.Debug|Any CPU.Build.0 = Debug|Any CPU
		{04E26B4B-0614-42A2-8034-52E1696D6A76}.Debug|Any CPU.Deploy.0 = Debug|Any CPU
		{04E26B4B-0614-42A2-8034-52E1696D6A76}.Debug|ARM.ActiveCfg = Debug|Any CPU
		{04E26B4B-0614-42A2-8034-52E1696D6A76}.Debug|ARM.Build.0 = Debug|Any CPU
		{04E26B4B-0614-42A2-8034-52E1696D6A76}.Debug|ARM.Deploy.0 = Debug|Any CPU
		{04E26B4B-0614-42A2-8034-52E1696D6A76}.Debug|iPhone.ActiveCfg = Debug|Any CPU
		{04E26B4B-0614-42A2-8034-52E1696D6A76}.Debug|iPhone.Build.0 = Debug|Any CPU
		{04E26B4B-0614-42A2-8034-52E1696D6A76}.Debug|iPhone.Deploy.0 = Debug|Any CPU
		{04E26B4B-0614-42A2-8034-52E1696D6A76}.Debug|iPhoneSimulator.ActiveCfg = Debug|Any CPU
		{04E26B4B-0614-42A2-8034-52E1696D6A76}.Debug|iPhoneSimulator.Build.0 = Debug|Any CPU
		{04E26B4B-0614-42A2-8034-52E1696D6A76}.Debug|iPhoneSimulator.Deploy.0 = Debug|Any CPU
		{04E26B4B-0614-42A2-8034-52E1696D6A76}.Debug|x64.ActiveCfg = Debug|Any CPU
		{04E26B4B-0614-42A2-8034-52E1696D6A76}.Debug|x64.Build.0 = Debug|Any CPU
		{04E26B4B-0614-42A2-8034-52E1696D6A76}.Debug|x64.Deploy.0 = Debug|Any CPU
		{04E26B4B-0614-42A2-8034-52E1696D6A76}.Debug|x86.ActiveCfg = Debug|Any CPU
		{04E26B4B-0614-42A2-8034-52E1696D6A76}.Debug|x86.Build.0 = Debug|Any CPU
		{04E26B4B-0614-42A2-8034-52E1696D6A76}.Debug|x86.Deploy.0 = Debug|Any CPU
		{04E26B4B-0614-42A2-8034-52E1696D6A76}.Release|Any CPU.ActiveCfg = Release|Any CPU
		{04E26B4B-0614-42A2-8034-52E1696D6A76}.Release|Any CPU.Build.0 = Release|Any CPU
		{04E26B4B-0614-42A2-8034-52E1696D6A76}.Release|Any CPU.Deploy.0 = Release|Any CPU
		{04E26B4B-0614-42A2-8034-52E1696D6A76}.Release|ARM.ActiveCfg = Release|Any CPU
		{04E26B4B-0614-42A2-8034-52E1696D6A76}.Release|ARM.Build.0 = Release|Any CPU
		{04E26B4B-0614-42A2-8034-52E1696D6A76}.Release|ARM.Deploy.0 = Release|Any CPU
		{04E26B4B-0614-42A2-8034-52E1696D6A76}.Release|iPhone.ActiveCfg = Release|Any CPU
		{04E26B4B-0614-42A2-8034-52E1696D6A76}.Release|iPhone.Build.0 = Release|Any CPU
		{04E26B4B-0614-42A2-8034-52E1696D6A76}.Release|iPhone.Deploy.0 = Release|Any CPU
		{04E26B4B-0614-42A2-8034-52E1696D6A76}.Release|iPhoneSimulator.ActiveCfg = Release|Any CPU
		{04E26B4B-0614-42A2-8034-52E1696D6A76}.Release|iPhoneSimulator.Build.0 = Release|Any CPU
		{04E26B4B-0614-42A2-8034-52E1696D6A76}.Release|iPhoneSimulator.Deploy.0 = Release|Any CPU
		{04E26B4B-0614-42A2-8034-52E1696D6A76}.Release|x64.ActiveCfg = Release|Any CPU
		{04E26B4B-0614-42A2-8034-52E1696D6A76}.Release|x64.Build.0 = Release|Any CPU
		{04E26B4B-0614-42A2-8034-52E1696D6A76}.Release|x64.Deploy.0 = Release|Any CPU
		{04E26B4B-0614-42A2-8034-52E1696D6A76}.Release|x86.ActiveCfg = Release|Any CPU
		{04E26B4B-0614-42A2-8034-52E1696D6A76}.Release|x86.Build.0 = Release|Any CPU
		{04E26B4B-0614-42A2-8034-52E1696D6A76}.Release|x86.Deploy.0 = Release|Any CPU
		{19AFCB33-1845-43E3-BD97-977C885741C4}.Ad-Hoc|Any CPU.ActiveCfg = Ad-Hoc|iPhone
		{19AFCB33-1845-43E3-BD97-977C885741C4}.Ad-Hoc|ARM.ActiveCfg = Ad-Hoc|iPhone
		{19AFCB33-1845-43E3-BD97-977C885741C4}.Ad-Hoc|iPhone.ActiveCfg = Ad-Hoc|iPhone
		{19AFCB33-1845-43E3-BD97-977C885741C4}.Ad-Hoc|iPhone.Build.0 = Ad-Hoc|iPhone
		{19AFCB33-1845-43E3-BD97-977C885741C4}.Ad-Hoc|iPhoneSimulator.ActiveCfg = Ad-Hoc|iPhoneSimulator
		{19AFCB33-1845-43E3-BD97-977C885741C4}.Ad-Hoc|iPhoneSimulator.Build.0 = Ad-Hoc|iPhoneSimulator
		{19AFCB33-1845-43E3-BD97-977C885741C4}.Ad-Hoc|x64.ActiveCfg = Ad-Hoc|iPhone
		{19AFCB33-1845-43E3-BD97-977C885741C4}.Ad-Hoc|x86.ActiveCfg = Ad-Hoc|iPhone
		{19AFCB33-1845-43E3-BD97-977C885741C4}.AppStore|Any CPU.ActiveCfg = AppStore|iPhone
		{19AFCB33-1845-43E3-BD97-977C885741C4}.AppStore|ARM.ActiveCfg = AppStore|iPhone
		{19AFCB33-1845-43E3-BD97-977C885741C4}.AppStore|iPhone.ActiveCfg = AppStore|iPhone
		{19AFCB33-1845-43E3-BD97-977C885741C4}.AppStore|iPhone.Build.0 = AppStore|iPhone
		{19AFCB33-1845-43E3-BD97-977C885741C4}.AppStore|iPhoneSimulator.ActiveCfg = AppStore|iPhoneSimulator
		{19AFCB33-1845-43E3-BD97-977C885741C4}.AppStore|iPhoneSimulator.Build.0 = AppStore|iPhoneSimulator
		{19AFCB33-1845-43E3-BD97-977C885741C4}.AppStore|x64.ActiveCfg = AppStore|iPhone
		{19AFCB33-1845-43E3-BD97-977C885741C4}.AppStore|x86.ActiveCfg = AppStore|iPhone
		{19AFCB33-1845-43E3-BD97-977C885741C4}.Debug|Any CPU.ActiveCfg = Debug|iPhone
		{19AFCB33-1845-43E3-BD97-977C885741C4}.Debug|ARM.ActiveCfg = Debug|iPhone
		{19AFCB33-1845-43E3-BD97-977C885741C4}.Debug|iPhone.ActiveCfg = Debug|iPhone
		{19AFCB33-1845-43E3-BD97-977C885741C4}.Debug|iPhone.Build.0 = Debug|iPhone
		{19AFCB33-1845-43E3-BD97-977C885741C4}.Debug|iPhoneSimulator.ActiveCfg = Debug|iPhoneSimulator
		{19AFCB33-1845-43E3-BD97-977C885741C4}.Debug|iPhoneSimulator.Build.0 = Debug|iPhoneSimulator
		{19AFCB33-1845-43E3-BD97-977C885741C4}.Debug|x64.ActiveCfg = Debug|iPhone
		{19AFCB33-1845-43E3-BD97-977C885741C4}.Debug|x86.ActiveCfg = Debug|iPhone
		{19AFCB33-1845-43E3-BD97-977C885741C4}.Release|Any CPU.ActiveCfg = Release|iPhone
		{19AFCB33-1845-43E3-BD97-977C885741C4}.Release|ARM.ActiveCfg = Release|iPhone
		{19AFCB33-1845-43E3-BD97-977C885741C4}.Release|iPhone.ActiveCfg = Release|iPhone
		{19AFCB33-1845-43E3-BD97-977C885741C4}.Release|iPhone.Build.0 = Release|iPhone
		{19AFCB33-1845-43E3-BD97-977C885741C4}.Release|iPhoneSimulator.ActiveCfg = Release|iPhoneSimulator
		{19AFCB33-1845-43E3-BD97-977C885741C4}.Release|iPhoneSimulator.Build.0 = Release|iPhoneSimulator
		{19AFCB33-1845-43E3-BD97-977C885741C4}.Release|x64.ActiveCfg = Release|iPhone
		{19AFCB33-1845-43E3-BD97-977C885741C4}.Release|x86.ActiveCfg = Release|iPhone
		{5488F144-B562-452A-8C01-AA1AE072A4E5}.Ad-Hoc|Any CPU.ActiveCfg = Release|x86
		{5488F144-B562-452A-8C01-AA1AE072A4E5}.Ad-Hoc|Any CPU.Build.0 = Release|x86
		{5488F144-B562-452A-8C01-AA1AE072A4E5}.Ad-Hoc|Any CPU.Deploy.0 = Release|x86
		{5488F144-B562-452A-8C01-AA1AE072A4E5}.Ad-Hoc|ARM.ActiveCfg = Release|ARM
		{5488F144-B562-452A-8C01-AA1AE072A4E5}.Ad-Hoc|ARM.Build.0 = Release|ARM
		{5488F144-B562-452A-8C01-AA1AE072A4E5}.Ad-Hoc|ARM.Deploy.0 = Release|ARM
		{5488F144-B562-452A-8C01-AA1AE072A4E5}.Ad-Hoc|iPhone.ActiveCfg = Release|x86
		{5488F144-B562-452A-8C01-AA1AE072A4E5}.Ad-Hoc|iPhone.Build.0 = Release|x86
		{5488F144-B562-452A-8C01-AA1AE072A4E5}.Ad-Hoc|iPhone.Deploy.0 = Release|x86
		{5488F144-B562-452A-8C01-AA1AE072A4E5}.Ad-Hoc|iPhoneSimulator.ActiveCfg = Release|x86
		{5488F144-B562-452A-8C01-AA1AE072A4E5}.Ad-Hoc|iPhoneSimulator.Build.0 = Release|x86
		{5488F144-B562-452A-8C01-AA1AE072A4E5}.Ad-Hoc|iPhoneSimulator.Deploy.0 = Release|x86
		{5488F144-B562-452A-8C01-AA1AE072A4E5}.Ad-Hoc|x64.ActiveCfg = Release|x64
		{5488F144-B562-452A-8C01-AA1AE072A4E5}.Ad-Hoc|x64.Build.0 = Release|x64
		{5488F144-B562-452A-8C01-AA1AE072A4E5}.Ad-Hoc|x64.Deploy.0 = Release|x64
		{5488F144-B562-452A-8C01-AA1AE072A4E5}.Ad-Hoc|x86.ActiveCfg = Release|x86
		{5488F144-B562-452A-8C01-AA1AE072A4E5}.Ad-Hoc|x86.Build.0 = Release|x86
		{5488F144-B562-452A-8C01-AA1AE072A4E5}.Ad-Hoc|x86.Deploy.0 = Release|x86
		{5488F144-B562-452A-8C01-AA1AE072A4E5}.AppStore|Any CPU.ActiveCfg = Release|x86
		{5488F144-B562-452A-8C01-AA1AE072A4E5}.AppStore|Any CPU.Build.0 = Release|x86
		{5488F144-B562-452A-8C01-AA1AE072A4E5}.AppStore|Any CPU.Deploy.0 = Release|x86
		{5488F144-B562-452A-8C01-AA1AE072A4E5}.AppStore|ARM.ActiveCfg = Release|ARM
		{5488F144-B562-452A-8C01-AA1AE072A4E5}.AppStore|ARM.Build.0 = Release|ARM
		{5488F144-B562-452A-8C01-AA1AE072A4E5}.AppStore|ARM.Deploy.0 = Release|ARM
		{5488F144-B562-452A-8C01-AA1AE072A4E5}.AppStore|iPhone.ActiveCfg = Release|x86
		{5488F144-B562-452A-8C01-AA1AE072A4E5}.AppStore|iPhone.Build.0 = Release|x86
		{5488F144-B562-452A-8C01-AA1AE072A4E5}.AppStore|iPhone.Deploy.0 = Release|x86
		{5488F144-B562-452A-8C01-AA1AE072A4E5}.AppStore|iPhoneSimulator.ActiveCfg = Release|x86
		{5488F144-B562-452A-8C01-AA1AE072A4E5}.AppStore|iPhoneSimulator.Build.0 = Release|x86
		{5488F144-B562-452A-8C01-AA1AE072A4E5}.AppStore|iPhoneSimulator.Deploy.0 = Release|x86
		{5488F144-B562-452A-8C01-AA1AE072A4E5}.AppStore|x64.ActiveCfg = Release|x64
		{5488F144-B562-452A-8C01-AA1AE072A4E5}.AppStore|x64.Build.0 = Release|x64
		{5488F144-B562-452A-8C01-AA1AE072A4E5}.AppStore|x64.Deploy.0 = Release|x64
		{5488F144-B562-452A-8C01-AA1AE072A4E5}.AppStore|x86.ActiveCfg = Release|x86
		{5488F144-B562-452A-8C01-AA1AE072A4E5}.AppStore|x86.Build.0 = Release|x86
		{5488F144-B562-452A-8C01-AA1AE072A4E5}.AppStore|x86.Deploy.0 = Release|x86
		{5488F144-B562-452A-8C01-AA1AE072A4E5}.Debug|Any CPU.ActiveCfg = Debug|x86
		{5488F144-B562-452A-8C01-AA1AE072A4E5}.Debug|ARM.ActiveCfg = Debug|ARM
		{5488F144-B562-452A-8C01-AA1AE072A4E5}.Debug|ARM.Build.0 = Debug|ARM
		{5488F144-B562-452A-8C01-AA1AE072A4E5}.Debug|ARM.Deploy.0 = Debug|ARM
		{5488F144-B562-452A-8C01-AA1AE072A4E5}.Debug|iPhone.ActiveCfg = Debug|x86
		{5488F144-B562-452A-8C01-AA1AE072A4E5}.Debug|iPhoneSimulator.ActiveCfg = Debug|x86
		{5488F144-B562-452A-8C01-AA1AE072A4E5}.Debug|x64.ActiveCfg = Debug|x64
		{5488F144-B562-452A-8C01-AA1AE072A4E5}.Debug|x64.Build.0 = Debug|x64
		{5488F144-B562-452A-8C01-AA1AE072A4E5}.Debug|x64.Deploy.0 = Debug|x64
		{5488F144-B562-452A-8C01-AA1AE072A4E5}.Debug|x86.ActiveCfg = Debug|x86
		{5488F144-B562-452A-8C01-AA1AE072A4E5}.Debug|x86.Build.0 = Debug|x86
		{5488F144-B562-452A-8C01-AA1AE072A4E5}.Debug|x86.Deploy.0 = Debug|x86
		{5488F144-B562-452A-8C01-AA1AE072A4E5}.Release|Any CPU.ActiveCfg = Release|x86
		{5488F144-B562-452A-8C01-AA1AE072A4E5}.Release|ARM.ActiveCfg = Release|ARM
		{5488F144-B562-452A-8C01-AA1AE072A4E5}.Release|ARM.Build.0 = Release|ARM
		{5488F144-B562-452A-8C01-AA1AE072A4E5}.Release|ARM.Deploy.0 = Release|ARM
		{5488F144-B562-452A-8C01-AA1AE072A4E5}.Release|iPhone.ActiveCfg = Release|x86
		{5488F144-B562-452A-8C01-AA1AE072A4E5}.Release|iPhoneSimulator.ActiveCfg = Release|x86
		{5488F144-B562-452A-8C01-AA1AE072A4E5}.Release|x64.ActiveCfg = Release|x64
		{5488F144-B562-452A-8C01-AA1AE072A4E5}.Release|x64.Build.0 = Release|x64
		{5488F144-B562-452A-8C01-AA1AE072A4E5}.Release|x64.Deploy.0 = Release|x64
		{5488F144-B562-452A-8C01-AA1AE072A4E5}.Release|x86.ActiveCfg = Release|x86
		{5488F144-B562-452A-8C01-AA1AE072A4E5}.Release|x86.Build.0 = Release|x86
		{5488F144-B562-452A-8C01-AA1AE072A4E5}.Release|x86.Deploy.0 = Release|x86
		{B413A0B0-92F4-4D63-906F-1B4B8204C503}.Ad-Hoc|Any CPU.ActiveCfg = Debug|Any CPU
		{B413A0B0-92F4-4D63-906F-1B4B8204C503}.Ad-Hoc|Any CPU.Build.0 = Debug|Any CPU
		{B413A0B0-92F4-4D63-906F-1B4B8204C503}.Ad-Hoc|ARM.ActiveCfg = Debug|Any CPU
		{B413A0B0-92F4-4D63-906F-1B4B8204C503}.Ad-Hoc|ARM.Build.0 = Debug|Any CPU
		{B413A0B0-92F4-4D63-906F-1B4B8204C503}.Ad-Hoc|iPhone.ActiveCfg = Debug|Any CPU
		{B413A0B0-92F4-4D63-906F-1B4B8204C503}.Ad-Hoc|iPhone.Build.0 = Debug|Any CPU
		{B413A0B0-92F4-4D63-906F-1B4B8204C503}.Ad-Hoc|iPhoneSimulator.ActiveCfg = Debug|Any CPU
		{B413A0B0-92F4-4D63-906F-1B4B8204C503}.Ad-Hoc|iPhoneSimulator.Build.0 = Debug|Any CPU
		{B413A0B0-92F4-4D63-906F-1B4B8204C503}.Ad-Hoc|x64.ActiveCfg = Debug|Any CPU
		{B413A0B0-92F4-4D63-906F-1B4B8204C503}.Ad-Hoc|x64.Build.0 = Debug|Any CPU
		{B413A0B0-92F4-4D63-906F-1B4B8204C503}.Ad-Hoc|x86.ActiveCfg = Debug|Any CPU
		{B413A0B0-92F4-4D63-906F-1B4B8204C503}.Ad-Hoc|x86.Build.0 = Debug|Any CPU
		{B413A0B0-92F4-4D63-906F-1B4B8204C503}.AppStore|Any CPU.ActiveCfg = Debug|Any CPU
		{B413A0B0-92F4-4D63-906F-1B4B8204C503}.AppStore|Any CPU.Build.0 = Debug|Any CPU
		{B413A0B0-92F4-4D63-906F-1B4B8204C503}.AppStore|ARM.ActiveCfg = Debug|Any CPU
		{B413A0B0-92F4-4D63-906F-1B4B8204C503}.AppStore|ARM.Build.0 = Debug|Any CPU
		{B413A0B0-92F4-4D63-906F-1B4B8204C503}.AppStore|iPhone.ActiveCfg = Debug|Any CPU
		{B413A0B0-92F4-4D63-906F-1B4B8204C503}.AppStore|iPhone.Build.0 = Debug|Any CPU
		{B413A0B0-92F4-4D63-906F-1B4B8204C503}.AppStore|iPhoneSimulator.ActiveCfg = Debug|Any CPU
		{B413A0B0-92F4-4D63-906F-1B4B8204C503}.AppStore|iPhoneSimulator.Build.0 = Debug|Any CPU
		{B413A0B0-92F4-4D63-906F-1B4B8204C503}.AppStore|x64.ActiveCfg = Debug|Any CPU
		{B413A0B0-92F4-4D63-906F-1B4B8204C503}.AppStore|x64.Build.0 = Debug|Any CPU
		{B413A0B0-92F4-4D63-906F-1B4B8204C503}.AppStore|x86.ActiveCfg = Debug|Any CPU
		{B413A0B0-92F4-4D63-906F-1B4B8204C503}.AppStore|x86.Build.0 = Debug|Any CPU
		{B413A0B0-92F4-4D63-906F-1B4B8204C503}.Debug|Any CPU.ActiveCfg = Debug|Any CPU
		{B413A0B0-92F4-4D63-906F-1B4B8204C503}.Debug|Any CPU.Build.0 = Debug|Any CPU
		{B413A0B0-92F4-4D63-906F-1B4B8204C503}.Debug|ARM.ActiveCfg = Debug|Any CPU
		{B413A0B0-92F4-4D63-906F-1B4B8204C503}.Debug|ARM.Build.0 = Debug|Any CPU
		{B413A0B0-92F4-4D63-906F-1B4B8204C503}.Debug|iPhone.ActiveCfg = Debug|Any CPU
		{B413A0B0-92F4-4D63-906F-1B4B8204C503}.Debug|iPhone.Build.0 = Debug|Any CPU
		{B413A0B0-92F4-4D63-906F-1B4B8204C503}.Debug|iPhoneSimulator.ActiveCfg = Debug|Any CPU
		{B413A0B0-92F4-4D63-906F-1B4B8204C503}.Debug|iPhoneSimulator.Build.0 = Debug|Any CPU
		{B413A0B0-92F4-4D63-906F-1B4B8204C503}.Debug|x64.ActiveCfg = Debug|Any CPU
		{B413A0B0-92F4-4D63-906F-1B4B8204C503}.Debug|x64.Build.0 = Debug|Any CPU
		{B413A0B0-92F4-4D63-906F-1B4B8204C503}.Debug|x86.ActiveCfg = Debug|Any CPU
		{B413A0B0-92F4-4D63-906F-1B4B8204C503}.Debug|x86.Build.0 = Debug|Any CPU
		{B413A0B0-92F4-4D63-906F-1B4B8204C503}.Release|Any CPU.ActiveCfg = Release|Any CPU
		{B413A0B0-92F4-4D63-906F-1B4B8204C503}.Release|Any CPU.Build.0 = Release|Any CPU
		{B413A0B0-92F4-4D63-906F-1B4B8204C503}.Release|ARM.ActiveCfg = Release|Any CPU
		{B413A0B0-92F4-4D63-906F-1B4B8204C503}.Release|ARM.Build.0 = Release|Any CPU
		{B413A0B0-92F4-4D63-906F-1B4B8204C503}.Release|iPhone.ActiveCfg = Release|Any CPU
		{B413A0B0-92F4-4D63-906F-1B4B8204C503}.Release|iPhone.Build.0 = Release|Any CPU
		{B413A0B0-92F4-4D63-906F-1B4B8204C503}.Release|iPhoneSimulator.ActiveCfg = Release|Any CPU
		{B413A0B0-92F4-4D63-906F-1B4B8204C503}.Release|iPhoneSimulator.Build.0 = Release|Any CPU
		{B413A0B0-92F4-4D63-906F-1B4B8204C503}.Release|x64.ActiveCfg = Release|Any CPU
		{B413A0B0-92F4-4D63-906F-1B4B8204C503}.Release|x64.Build.0 = Release|Any CPU
		{B413A0B0-92F4-4D63-906F-1B4B8204C503}.Release|x86.ActiveCfg = Release|Any CPU
		{B413A0B0-92F4-4D63-906F-1B4B8204C503}.Release|x86.Build.0 = Release|Any CPU
	EndGlobalSection
	GlobalSection(SolutionProperties) = preSolution
		HideSolutionNode = FALSE
	EndGlobalSection
	GlobalSection(ExtensibilityGlobals) = postSolution
		SolutionGuid = {61975204-9AAA-41BF-93A6-F34B1009A925}
	EndGlobalSection
EndGlobal
